
Microsoft Visual Studio Solution File, Format Version 12.00
# Visual Studio Version 16
VisualStudioVersion = 16.0.30611.23
MinimumVisualStudioVersion = 10.0.40219.1
Project("{FAE04EC0-301F-11D3-BF4B-00C04F79EFBC}") = "UnityStartUpFramework_Preview", "UnityStartUpFramework\UnityStartUpFramework_Preview.csproj", "{348243BB-A156-4DA4-90F4-668B0D82A4A6}"
EndProject
Global
	GlobalSection(SolutionConfigurationPlatforms) = preSolution
		Debug|Any CPU = Debug|Any CPU
		Release|Any CPU = Release|Any CPU
	EndGlobalSection
	GlobalSection(ProjectConfigurationPlatforms) = postSolution
		{348243BB-A156-4DA4-90F4-668B0D82A4A6}.Debug|Any CPU.ActiveCfg = Debug|Any CPU
		{348243BB-A156-4DA4-90F4-668B0D82A4A6}.Debug|Any CPU.Build.0 = Debug|Any CPU
		{348243BB-A156-4DA4-90F4-668B0D82A4A6}.Release|Any CPU.ActiveCfg = Release|Any CPU
		{348243BB-A156-4DA4-90F4-668B0D82A4A6}.Release|Any CPU.Build.0 = Release|Any CPU
	EndGlobalSection
	GlobalSection(SolutionProperties) = preSolution
		HideSolutionNode = FALSE
	EndGlobalSection
	GlobalSection(ExtensibilityGlobals) = postSolution
		SolutionGuid = {33DD4F10-0E1D-47E8-874A-6A77A6263025}
	EndGlobalSection
EndGlobal
